
Microsoft Visual Studio Solution File, Format Version 12.00
# Visual Studio Version 16
VisualStudioVersion = 16.0.29519.181
MinimumVisualStudioVersion = 10.0.40219.1
Project("{9A19103F-16F7-4668-BE54-9A1E7A4F7556}") = "PAccountantv2.Host.Api", "PAccountantv2\PAccountantv2.Host.Api.csproj", "{A9D36431-E158-4F35-81E5-8BC500C2D964}"
EndProject
Project("{2150E333-8FDC-42A3-9474-1A3956D46DE8}") = "BLL", "BLL", "{09B50187-B679-4E40-A128-9CD97B764531}"
EndProject
Project("{2150E333-8FDC-42A3-9474-1A3956D46DE8}") = "DAL", "DAL", "{0CCCC286-823B-4191-95F0-1D3DCD0CCB2A}"
EndProject
Project("{2150E333-8FDC-42A3-9474-1A3956D46DE8}") = "Host", "Host", "{ACB66757-03FE-4CD4-A189-1E742138DB1F}"
EndProject
Project("{9A19103F-16F7-4668-BE54-9A1E7A4F7556}") = "PAccountant2.BLL.Domain", "PAccountant2.BLL.Domain\PAccountant2.BLL.Domain.csproj", "{4E01783F-3CF0-4721-A1C5-923673334861}"
EndProject
Project("{9A19103F-16F7-4668-BE54-9A1E7A4F7556}") = "PAccountant2.BLL.Interfaces", "PAccountant2.BLL.Interfaces\PAccountant2.BLL.Interfaces.csproj", "{F039B5B3-8484-4AD9-933C-744FB7E6B91D}"
EndProject
Project("{9A19103F-16F7-4668-BE54-9A1E7A4F7556}") = "PAccountant2.DAL.DBO", "PAccountant2.DAL.DBO\PAccountant2.DAL.DBO.csproj", "{00FC6802-E36D-4F54-B150-AD91CB3D5664}"
EndProject
Project("{9A19103F-16F7-4668-BE54-9A1E7A4F7556}") = "PAccountant2.DAL.Migrations", "PAccountant2.DAL.Migrations\PAccountant2.DAL.Migrations.csproj", "{6DD32B05-AF62-4429-B79F-C55394DB1921}"
EndProject
Project("{9A19103F-16F7-4668-BE54-9A1E7A4F7556}") = "PAccountant2.DAL.Services", "PAccountant2.DAL.Services\PAccountant2.DAL.Services.csproj", "{AA9D5B8F-9317-4844-98AF-6624008D504B}"
EndProject
Project("{9A19103F-16F7-4668-BE54-9A1E7A4F7556}") = "PAccountant2.DAL.Context", "PAccountant2.DAL.Context\PAccountant2.DAL.Context.csproj", "{F91D3645-19D4-4461-986A-0AB89A47EDDF}"
EndProject
Project("{9A19103F-16F7-4668-BE54-9A1E7A4F7556}") = "PAccountant2.Host.Domain", "PAccountant2.Host.Domain\PAccountant2.Host.Domain.csproj", "{8017F573-0AE1-4E78-9F53-46A11A322282}"
EndProject
Project("{9A19103F-16F7-4668-BE54-9A1E7A4F7556}") = "PAccountant2.Host.Setup", "PAccountant2.Host.Setup\PAccountant2.Host.Setup.csproj", "{A5589B27-052F-4249-890D-0241116B7E1F}"
EndProject
Project("{2150E333-8FDC-42A3-9474-1A3956D46DE8}") = "Common", "Common", "{D1AD9142-BFDE-43E9-8226-40C857012B28}"
EndProject
Project("{9A19103F-16F7-4668-BE54-9A1E7A4F7556}") = "PAccountant2.Common", "PAccountant2.Common\PAccountant2.Common.csproj", "{1542E61B-26C1-439B-AE4C-90CB4B4BCA1D}"
EndProject
Project("{9A19103F-16F7-4668-BE54-9A1E7A4F7556}") = "PAccountant2.BLL.Tests", "PAccountant2.BLL.Tests\PAccountant2.BLL.Tests.csproj", "{FCAD016B-DFCF-4FCF-B12F-0A8C22B93AF4}"
EndProject
Project("{2150E333-8FDC-42A3-9474-1A3956D46DE8}") = "Utils", "Utils", "{54421D8E-496A-4114-836E-4DCC9BA6E5E4}"
EndProject
Project("{9A19103F-16F7-4668-BE54-9A1E7A4F7556}") = "CurrenctyRateUtil", "CurrenctyRateUtil\CurrenctyRateUtil.csproj", "{1DE060EF-E7CC-414E-B166-88B9462F9071}"
EndProject
Project("{9A19103F-16F7-4668-BE54-9A1E7A4F7556}") = "CurrenctyRateUtil.Tests", "CurrenctyRateUtil.Tests\CurrenctyRateUtil.Tests.csproj", "{C0B9240B-8145-47D4-A908-7EBE5C9AA0CB}"
EndProject
Project("{FAE04EC0-301F-11D3-BF4B-00C04F79EFBC}") = "PAccountant2.BLL.Application", "PAccountant2.BLL.Application\PAccountant2.BLL.Application.csproj", "{8EA733FF-728C-4F25-981F-4090F4ACF754}"
EndProject
Global
	GlobalSection(SolutionConfigurationPlatforms) = preSolution
		Debug|Any CPU = Debug|Any CPU
		Release|Any CPU = Release|Any CPU
	EndGlobalSection
	GlobalSection(ProjectConfigurationPlatforms) = postSolution
		{A9D36431-E158-4F35-81E5-8BC500C2D964}.Debug|Any CPU.ActiveCfg = Debug|Any CPU
		{A9D36431-E158-4F35-81E5-8BC500C2D964}.Debug|Any CPU.Build.0 = Debug|Any CPU
		{A9D36431-E158-4F35-81E5-8BC500C2D964}.Release|Any CPU.ActiveCfg = Release|Any CPU
		{A9D36431-E158-4F35-81E5-8BC500C2D964}.Release|Any CPU.Build.0 = Release|Any CPU
		{4E01783F-3CF0-4721-A1C5-923673334861}.Debug|Any CPU.ActiveCfg = Debug|Any CPU
		{4E01783F-3CF0-4721-A1C5-923673334861}.Debug|Any CPU.Build.0 = Debug|Any CPU
		{4E01783F-3CF0-4721-A1C5-923673334861}.Release|Any CPU.ActiveCfg = Release|Any CPU
		{4E01783F-3CF0-4721-A1C5-923673334861}.Release|Any CPU.Build.0 = Release|Any CPU
		{F039B5B3-8484-4AD9-933C-744FB7E6B91D}.Debug|Any CPU.ActiveCfg = Debug|Any CPU
		{F039B5B3-8484-4AD9-933C-744FB7E6B91D}.Debug|Any CPU.Build.0 = Debug|Any CPU
		{F039B5B3-8484-4AD9-933C-744FB7E6B91D}.Release|Any CPU.ActiveCfg = Release|Any CPU
		{F039B5B3-8484-4AD9-933C-744FB7E6B91D}.Release|Any CPU.Build.0 = Release|Any CPU
		{00FC6802-E36D-4F54-B150-AD91CB3D5664}.Debug|Any CPU.ActiveCfg = Debug|Any CPU
		{00FC6802-E36D-4F54-B150-AD91CB3D5664}.Debug|Any CPU.Build.0 = Debug|Any CPU
		{00FC6802-E36D-4F54-B150-AD91CB3D5664}.Release|Any CPU.ActiveCfg = Release|Any CPU
		{00FC6802-E36D-4F54-B150-AD91CB3D5664}.Release|Any CPU.Build.0 = Release|Any CPU
		{6DD32B05-AF62-4429-B79F-C55394DB1921}.Debug|Any CPU.ActiveCfg = Debug|Any CPU
		{6DD32B05-AF62-4429-B79F-C55394DB1921}.Debug|Any CPU.Build.0 = Debug|Any CPU
		{6DD32B05-AF62-4429-B79F-C55394DB1921}.Release|Any CPU.ActiveCfg = Release|Any CPU
		{6DD32B05-AF62-4429-B79F-C55394DB1921}.Release|Any CPU.Build.0 = Release|Any CPU
		{AA9D5B8F-9317-4844-98AF-6624008D504B}.Debug|Any CPU.ActiveCfg = Debug|Any CPU
		{AA9D5B8F-9317-4844-98AF-6624008D504B}.Debug|Any CPU.Build.0 = Debug|Any CPU
		{AA9D5B8F-9317-4844-98AF-6624008D504B}.Release|Any CPU.ActiveCfg = Release|Any CPU
		{AA9D5B8F-9317-4844-98AF-6624008D504B}.Release|Any CPU.Build.0 = Release|Any CPU
		{F91D3645-19D4-4461-986A-0AB89A47EDDF}.Debug|Any CPU.ActiveCfg = Debug|Any CPU
		{F91D3645-19D4-4461-986A-0AB89A47EDDF}.Debug|Any CPU.Build.0 = Debug|Any CPU
		{F91D3645-19D4-4461-986A-0AB89A47EDDF}.Release|Any CPU.ActiveCfg = Release|Any CPU
		{F91D3645-19D4-4461-986A-0AB89A47EDDF}.Release|Any CPU.Build.0 = Release|Any CPU
		{8017F573-0AE1-4E78-9F53-46A11A322282}.Debug|Any CPU.ActiveCfg = Debug|Any CPU
		{8017F573-0AE1-4E78-9F53-46A11A322282}.Debug|Any CPU.Build.0 = Debug|Any CPU
		{8017F573-0AE1-4E78-9F53-46A11A322282}.Release|Any CPU.ActiveCfg = Release|Any CPU
		{8017F573-0AE1-4E78-9F53-46A11A322282}.Release|Any CPU.Build.0 = Release|Any CPU
		{A5589B27-052F-4249-890D-0241116B7E1F}.Debug|Any CPU.ActiveCfg = Debug|Any CPU
		{A5589B27-052F-4249-890D-0241116B7E1F}.Debug|Any CPU.Build.0 = Debug|Any CPU
		{A5589B27-052F-4249-890D-0241116B7E1F}.Release|Any CPU.ActiveCfg = Release|Any CPU
		{A5589B27-052F-4249-890D-0241116B7E1F}.Release|Any CPU.Build.0 = Release|Any CPU
		{1542E61B-26C1-439B-AE4C-90CB4B4BCA1D}.Debug|Any CPU.ActiveCfg = Debug|Any CPU
		{1542E61B-26C1-439B-AE4C-90CB4B4BCA1D}.Debug|Any CPU.Build.0 = Debug|Any CPU
		{1542E61B-26C1-439B-AE4C-90CB4B4BCA1D}.Release|Any CPU.ActiveCfg = Release|Any CPU
		{1542E61B-26C1-439B-AE4C-90CB4B4BCA1D}.Release|Any CPU.Build.0 = Release|Any CPU
		{FCAD016B-DFCF-4FCF-B12F-0A8C22B93AF4}.Debug|Any CPU.ActiveCfg = Debug|Any CPU
		{FCAD016B-DFCF-4FCF-B12F-0A8C22B93AF4}.Debug|Any CPU.Build.0 = Debug|Any CPU
		{FCAD016B-DFCF-4FCF-B12F-0A8C22B93AF4}.Release|Any CPU.ActiveCfg = Release|Any CPU
		{FCAD016B-DFCF-4FCF-B12F-0A8C22B93AF4}.Release|Any CPU.Build.0 = Release|Any CPU
		{1DE060EF-E7CC-414E-B166-88B9462F9071}.Debug|Any CPU.ActiveCfg = Debug|Any CPU
		{1DE060EF-E7CC-414E-B166-88B9462F9071}.Debug|Any CPU.Build.0 = Debug|Any CPU
		{1DE060EF-E7CC-414E-B166-88B9462F9071}.Release|Any CPU.ActiveCfg = Release|Any CPU
		{1DE060EF-E7CC-414E-B166-88B9462F9071}.Release|Any CPU.Build.0 = Release|Any CPU
		{C0B9240B-8145-47D4-A908-7EBE5C9AA0CB}.Debug|Any CPU.ActiveCfg = Debug|Any CPU
		{C0B9240B-8145-47D4-A908-7EBE5C9AA0CB}.Debug|Any CPU.Build.0 = Debug|Any CPU
		{C0B9240B-8145-47D4-A908-7EBE5C9AA0CB}.Release|Any CPU.ActiveCfg = Release|Any CPU
		{C0B9240B-8145-47D4-A908-7EBE5C9AA0CB}.Release|Any CPU.Build.0 = Release|Any CPU
		{8EA733FF-728C-4F25-981F-4090F4ACF754}.Debug|Any CPU.ActiveCfg = Debug|Any CPU
		{8EA733FF-728C-4F25-981F-4090F4ACF754}.Debug|Any CPU.Build.0 = Debug|Any CPU
		{8EA733FF-728C-4F25-981F-4090F4ACF754}.Release|Any CPU.ActiveCfg = Release|Any CPU
		{8EA733FF-728C-4F25-981F-4090F4ACF754}.Release|Any CPU.Build.0 = Release|Any CPU
	EndGlobalSection
	GlobalSection(SolutionProperties) = preSolution
		HideSolutionNode = FALSE
	EndGlobalSection
	GlobalSection(NestedProjects) = preSolution
		{A9D36431-E158-4F35-81E5-8BC500C2D964} = {ACB66757-03FE-4CD4-A189-1E742138DB1F}
		{4E01783F-3CF0-4721-A1C5-923673334861} = {09B50187-B679-4E40-A128-9CD97B764531}
		{F039B5B3-8484-4AD9-933C-744FB7E6B91D} = {09B50187-B679-4E40-A128-9CD97B764531}
		{00FC6802-E36D-4F54-B150-AD91CB3D5664} = {0CCCC286-823B-4191-95F0-1D3DCD0CCB2A}
		{6DD32B05-AF62-4429-B79F-C55394DB1921} = {0CCCC286-823B-4191-95F0-1D3DCD0CCB2A}
		{AA9D5B8F-9317-4844-98AF-6624008D504B} = {0CCCC286-823B-4191-95F0-1D3DCD0CCB2A}
		{F91D3645-19D4-4461-986A-0AB89A47EDDF} = {0CCCC286-823B-4191-95F0-1D3DCD0CCB2A}
		{8017F573-0AE1-4E78-9F53-46A11A322282} = {ACB66757-03FE-4CD4-A189-1E742138DB1F}
		{A5589B27-052F-4249-890D-0241116B7E1F} = {ACB66757-03FE-4CD4-A189-1E742138DB1F}
		{1542E61B-26C1-439B-AE4C-90CB4B4BCA1D} = {D1AD9142-BFDE-43E9-8226-40C857012B28}
		{FCAD016B-DFCF-4FCF-B12F-0A8C22B93AF4} = {09B50187-B679-4E40-A128-9CD97B764531}
		{1DE060EF-E7CC-414E-B166-88B9462F9071} = {54421D8E-496A-4114-836E-4DCC9BA6E5E4}
		{C0B9240B-8145-47D4-A908-7EBE5C9AA0CB} = {54421D8E-496A-4114-836E-4DCC9BA6E5E4}
		{8EA733FF-728C-4F25-981F-4090F4ACF754} = {09B50187-B679-4E40-A128-9CD97B764531}
	EndGlobalSection
	GlobalSection(ExtensibilityGlobals) = postSolution
		SolutionGuid = {F3A7D205-D1F0-46F8-88D6-C1029EEDBB60}
	EndGlobalSection
EndGlobal
